// !$*UTF8*$!
{
	archiveVersion = 1;
	classes = {
	};
	objectVersion = 46;
	objects = {

/* Begin PBXBuildFile section */
		BE03CD911648718500A5CA9D /* CWGLib.c in Sources */ = {isa = PBXBuildFile; fileRef = BE03CD901648718500A5CA9D /* CWGLib.c */; };
		BE03CD931648794B00A5CA9D /* tnode.c in Sources */ = {isa = PBXBuildFile; fileRef = BE03CD921648794B00A5CA9D /* tnode.c */; };
		BE39047E161F986100A0A630 /* WordStructure.m in Sources */ = {isa = PBXBuildFile; fileRef = BE39047D161F986100A0A630 /* WordStructure.m */; };
		BE50649E161A2DAE003B237A /* Foundation.framework in Frameworks */ = {isa = PBXBuildFile; fileRef = BE50649D161A2DAE003B237A /* Foundation.framework */; };
		BE5064A1161A2DAE003B237A /* main.m in Sources */ = {isa = PBXBuildFile; fileRef = BE5064A0161A2DAE003B237A /* main.m */; };
		BE5C56C3164F2DBB009835FA /* dawg.c in Sources */ = {isa = PBXBuildFile; fileRef = BE5C56C2164F2DBB009835FA /* dawg.c */; };
		BE5C56C8164F2FFB009835FA /* breadthqueue.c in Sources */ = {isa = PBXBuildFile; fileRef = BE5C56C7164F2FFB009835FA /* breadthqueue.c */; };
		BE5C56E4164F4DDE009835FA /* arraydawg.c in Sources */ = {isa = PBXBuildFile; fileRef = BE5C56E3164F4DDE009835FA /* arraydawg.c */; };
		BE77EAEB1646F70D00D3943D /* CWG-Creator.c in Sources */ = {isa = PBXBuildFile; fileRef = BE77EAE91646F70D00D3943D /* CWG-Creator.c */; };
		BE77EAEC1646F70D00D3943D /* Justin-CWG-Search.c in Sources */ = {isa = PBXBuildFile; fileRef = BE77EAEA1646F70D00D3943D /* Justin-CWG-Search.c */; };
		BEC0171E161A2FD40078129A /* Board.m in Sources */ = {isa = PBXBuildFile; fileRef = BEC0171D161A2FD40078129A /* Board.m */; };
		BEC44C62177DEA2700BF6D4F /* DictionaryManager.c in Sources */ = {isa = PBXBuildFile; fileRef = BEC44C61177DEA2700BF6D4F /* DictionaryManager.c */; };
		BEFE74F71638F8C900FD191F /* functions.m in Sources */ = {isa = PBXBuildFile; fileRef = BEFE74F61638F8C900FD191F /* functions.m */; };
/* End PBXBuildFile section */

/* Begin PBXCopyFilesBuildPhase section */
		BE506497161A2DAE003B237A /* CopyFiles */ = {
			isa = PBXCopyFilesBuildPhase;
			buildActionMask = 8;
			dstPath = "";
			dstSubfolderSpec = 0;
			files = (
			);
			runOnlyForDeploymentPostprocessing = 1;
		};
/* End PBXCopyFilesBuildPhase section */

/* Begin PBXFileReference section */
		BE03CD8E1648717B00A5CA9D /* CWGLib.h */ = {isa = PBXFileReference; lastKnownFileType = sourcecode.c.h; path = CWGLib.h; sourceTree = "<group>"; };
		BE03CD901648718500A5CA9D /* CWGLib.c */ = {isa = PBXFileReference; fileEncoding = 4; lastKnownFileType = sourcecode.c.c; path = CWGLib.c; sourceTree = "<group>"; };
		BE03CD921648794B00A5CA9D /* tnode.c */ = {isa = PBXFileReference; fileEncoding = 4; lastKnownFileType = sourcecode.c.c; path = tnode.c; sourceTree = "<group>"; };
		BE03CD941648795300A5CA9D /* tnode.h */ = {isa = PBXFileReference; lastKnownFileType = sourcecode.c.h; path = tnode.h; sourceTree = "<group>"; };
		BE39047C161F986100A0A630 /* WordStructure.h */ = {isa = PBXFileReference; fileEncoding = 4; lastKnownFileType = sourcecode.c.h; path = WordStructure.h; sourceTree = "<group>"; };
		BE39047D161F986100A0A630 /* WordStructure.m */ = {isa = PBXFileReference; fileEncoding = 4; lastKnownFileType = sourcecode.c.objc; path = WordStructure.m; sourceTree = "<group>"; };
		BE506499161A2DAE003B237A /* wwfmax */ = {isa = PBXFileReference; explicitFileType = "compiled.mach-o.executable"; includeInIndex = 0; path = wwfmax; sourceTree = BUILT_PRODUCTS_DIR; };
		BE50649D161A2DAE003B237A /* Foundation.framework */ = {isa = PBXFileReference; lastKnownFileType = wrapper.framework; name = Foundation.framework; path = System/Library/Frameworks/Foundation.framework; sourceTree = SDKROOT; };
		BE5064A0161A2DAE003B237A /* main.m */ = {isa = PBXFileReference; lastKnownFileType = sourcecode.c.objc; path = main.m; sourceTree = "<group>"; };
		BE5064A3161A2DAE003B237A /* wwfmax-Prefix.pch */ = {isa = PBXFileReference; lastKnownFileType = sourcecode.c.h; path = "wwfmax-Prefix.pch"; sourceTree = "<group>"; };
		BE5216F8165B1B43004976A1 /* Justin-CWG-Search.h */ = {isa = PBXFileReference; lastKnownFileType = sourcecode.c.h; path = "Justin-CWG-Search.h"; sourceTree = "<group>"; };
		BE5C56C2164F2DBB009835FA /* dawg.c */ = {isa = PBXFileReference; fileEncoding = 4; lastKnownFileType = sourcecode.c.c; path = dawg.c; sourceTree = "<group>"; };
		BE5C56C5164F2DC7009835FA /* dawg.h */ = {isa = PBXFileReference; lastKnownFileType = sourcecode.c.h; path = dawg.h; sourceTree = "<group>"; };
		BE5C56C6164F2FF2009835FA /* breadthqueue.h */ = {isa = PBXFileReference; lastKnownFileType = sourcecode.c.h; path = breadthqueue.h; sourceTree = "<group>"; };
		BE5C56C7164F2FFB009835FA /* breadthqueue.c */ = {isa = PBXFileReference; fileEncoding = 4; lastKnownFileType = sourcecode.c.c; path = breadthqueue.c; sourceTree = "<group>"; };
		BE5C56C9164F3255009835FA /* CWG-Creator.h */ = {isa = PBXFileReference; lastKnownFileType = sourcecode.c.h; path = "CWG-Creator.h"; sourceTree = "<group>"; };
		BE5C56E2164F4DD7009835FA /* arraydawg.h */ = {isa = PBXFileReference; lastKnownFileType = sourcecode.c.h; path = arraydawg.h; sourceTree = "<group>"; };
		BE5C56E3164F4DDE009835FA /* arraydawg.c */ = {isa = PBXFileReference; fileEncoding = 4; lastKnownFileType = sourcecode.c.c; path = arraydawg.c; sourceTree = "<group>"; };
		BE77EAE91646F70D00D3943D /* CWG-Creator.c */ = {isa = PBXFileReference; fileEncoding = 4; lastKnownFileType = sourcecode.c.c; path = "CWG-Creator.c"; sourceTree = "<group>"; };
		BE77EAEA1646F70D00D3943D /* Justin-CWG-Search.c */ = {isa = PBXFileReference; fileEncoding = 4; lastKnownFileType = sourcecode.c.c; path = "Justin-CWG-Search.c"; sourceTree = "<group>"; };
		BE805864167549B80093BB19 /* DictionaryManager.h */ = {isa = PBXFileReference; fileEncoding = 4; lastKnownFileType = sourcecode.c.h; path = DictionaryManager.h; sourceTree = "<group>"; };
		BEC0171C161A2FD40078129A /* Board.h */ = {isa = PBXFileReference; fileEncoding = 4; lastKnownFileType = sourcecode.c.h; path = Board.h; sourceTree = "<group>"; };
		BEC0171D161A2FD40078129A /* Board.m */ = {isa = PBXFileReference; fileEncoding = 4; lastKnownFileType = sourcecode.c.objc; path = Board.m; sourceTree = "<group>"; };
		BEC01720161A36B60078129A /* dict.txt */ = {isa = PBXFileReference; fileEncoding = 4; lastKnownFileType = text; path = dict.txt; sourceTree = "<group>"; };
		BEC01729161A40500078129A /* functions.h */ = {isa = PBXFileReference; lastKnownFileType = sourcecode.c.h; path = functions.h; sourceTree = "<group>"; };
		BEC44C61177DEA2700BF6D4F /* DictionaryManager.c */ = {isa = PBXFileReference; fileEncoding = 4; lastKnownFileType = sourcecode.c.c; path = DictionaryManager.c; sourceTree = "<group>"; };
		BEFE74F61638F8C900FD191F /* functions.m */ = {isa = PBXFileReference; fileEncoding = 4; lastKnownFileType = sourcecode.c.objc; path = functions.m; sourceTree = "<group>"; };
/* End PBXFileReference section */

/* Begin PBXFrameworksBuildPhase section */
		BE506496161A2DAE003B237A /* Frameworks */ = {
			isa = PBXFrameworksBuildPhase;
			buildActionMask = 2147483647;
			files = (
				BE50649E161A2DAE003B237A /* Foundation.framework in Frameworks */,
			);
			runOnlyForDeploymentPostprocessing = 0;
		};
/* End PBXFrameworksBuildPhase section */

/* Begin PBXGroup section */
		BE50648E161A2DAD003B237A = {
			isa = PBXGroup;
			children = (
				BE50649F161A2DAE003B237A /* wwfmax */,
				BE50649C161A2DAE003B237A /* Frameworks */,
				BE50649A161A2DAE003B237A /* Products */,
			);
			sourceTree = "<group>";
		};
		BE50649A161A2DAE003B237A /* Products */ = {
			isa = PBXGroup;
			children = (
				BE506499161A2DAE003B237A /* wwfmax */,
			);
			name = Products;
			sourceTree = "<group>";
		};
		BE50649C161A2DAE003B237A /* Frameworks */ = {
			isa = PBXGroup;
			children = (
				BE50649D161A2DAE003B237A /* Foundation.framework */,
			);
			name = Frameworks;
			sourceTree = "<group>";
		};
		BE50649F161A2DAE003B237A /* wwfmax */ = {
			isa = PBXGroup;
			children = (
				BE77EAE71646F6FC00D3943D /* CWG */,
				BE5064A0161A2DAE003B237A /* main.m */,
				BEC01729161A40500078129A /* functions.h */,
				BEFE74F61638F8C900FD191F /* functions.m */,
				BE5064A2161A2DAE003B237A /* Supporting Files */,
				BEC0171C161A2FD40078129A /* Board.h */,
				BEC0171D161A2FD40078129A /* Board.m */,
				BE39047C161F986100A0A630 /* WordStructure.h */,
				BE39047D161F986100A0A630 /* WordStructure.m */,
				BE805864167549B80093BB19 /* DictionaryManager.h */,
				BEC44C61177DEA2700BF6D4F /* DictionaryManager.c */,
			);
			path = wwfmax;
			sourceTree = "<group>";
		};
		BE5064A2161A2DAE003B237A /* Supporting Files */ = {
			isa = PBXGroup;
			children = (
				BE5064A3161A2DAE003B237A /* wwfmax-Prefix.pch */,
				BEC01720161A36B60078129A /* dict.txt */,
			);
			name = "Supporting Files";
			sourceTree = "<group>";
		};
		BE77EAE71646F6FC00D3943D /* CWG */ = {
			isa = PBXGroup;
			children = (
				BE5C56C9164F3255009835FA /* CWG-Creator.h */,
				BE77EAE91646F70D00D3943D /* CWG-Creator.c */,
				BE5216F8165B1B43004976A1 /* Justin-CWG-Search.h */,
				BE77EAEA1646F70D00D3943D /* Justin-CWG-Search.c */,
				BE03CD8E1648717B00A5CA9D /* CWGLib.h */,
				BE03CD901648718500A5CA9D /* CWGLib.c */,
				BE03CD941648795300A5CA9D /* tnode.h */,
				BE03CD921648794B00A5CA9D /* tnode.c */,
				BE5C56C5164F2DC7009835FA /* dawg.h */,
				BE5C56C2164F2DBB009835FA /* dawg.c */,
				BE5C56C6164F2FF2009835FA /* breadthqueue.h */,
				BE5C56C7164F2FFB009835FA /* breadthqueue.c */,
				BE5C56E2164F4DD7009835FA /* arraydawg.h */,
				BE5C56E3164F4DDE009835FA /* arraydawg.c */,
			);
			name = CWG;
			sourceTree = "<group>";
		};
/* End PBXGroup section */

/* Begin PBXNativeTarget section */
		BE506498161A2DAE003B237A /* wwfmax */ = {
			isa = PBXNativeTarget;
			buildConfigurationList = BE5064A8161A2DAE003B237A /* Build configuration list for PBXNativeTarget "wwfmax" */;
			buildPhases = (
				BE506495161A2DAE003B237A /* Sources */,
				BE506496161A2DAE003B237A /* Frameworks */,
				BE506497161A2DAE003B237A /* CopyFiles */,
			);
			buildRules = (
			);
			dependencies = (
			);
			name = wwfmax;
			productName = wwfmax;
			productReference = BE506499161A2DAE003B237A /* wwfmax */;
			productType = "com.apple.product-type.tool";
		};
/* End PBXNativeTarget section */

/* Begin PBXProject section */
		BE506490161A2DAD003B237A /* Project object */ = {
			isa = PBXProject;
			attributes = {
				LastUpgradeCheck = 0450;
				ORGANIZATIONNAME = "Llama Software";
			};
			buildConfigurationList = BE506493161A2DAE003B237A /* Build configuration list for PBXProject "wwfmax" */;
			compatibilityVersion = "Xcode 3.2";
			developmentRegion = English;
			hasScannedForEncodings = 0;
			knownRegions = (
				en,
			);
			mainGroup = BE50648E161A2DAD003B237A;
			productRefGroup = BE50649A161A2DAE003B237A /* Products */;
			projectDirPath = "";
			projectRoot = "";
			targets = (
				BE506498161A2DAE003B237A /* wwfmax */,
			);
		};
/* End PBXProject section */

/* Begin PBXSourcesBuildPhase section */
		BE506495161A2DAE003B237A /* Sources */ = {
			isa = PBXSourcesBuildPhase;
			buildActionMask = 2147483647;
			files = (
				BE5064A1161A2DAE003B237A /* main.m in Sources */,
				BEC0171E161A2FD40078129A /* Board.m in Sources */,
				BE39047E161F986100A0A630 /* WordStructure.m in Sources */,
				BEFE74F71638F8C900FD191F /* functions.m in Sources */,
				BE77EAEB1646F70D00D3943D /* CWG-Creator.c in Sources */,
				BE77EAEC1646F70D00D3943D /* Justin-CWG-Search.c in Sources */,
				BE03CD911648718500A5CA9D /* CWGLib.c in Sources */,
				BE03CD931648794B00A5CA9D /* tnode.c in Sources */,
				BE5C56C3164F2DBB009835FA /* dawg.c in Sources */,
				BE5C56C8164F2FFB009835FA /* breadthqueue.c in Sources */,
				BE5C56E4164F4DDE009835FA /* arraydawg.c in Sources */,
				BEC44C62177DEA2700BF6D4F /* DictionaryManager.c in Sources */,
			);
			runOnlyForDeploymentPostprocessing = 0;
		};
/* End PBXSourcesBuildPhase section */

/* Begin XCBuildConfiguration section */
		BE5064A6161A2DAE003B237A /* Debug */ = {
			isa = XCBuildConfiguration;
			buildSettings = {
				ALWAYS_SEARCH_USER_PATHS = NO;
				ARCHS = "$(ARCHS_STANDARD_64_BIT)";
				CLANG_CXX_LANGUAGE_STANDARD = "gnu++0x";
				CLANG_CXX_LIBRARY = "libc++";
				CLANG_ENABLE_OBJC_ARC = YES;
				CLANG_WARN_EMPTY_BODY = YES;
				CLANG_WARN_SUSPICIOUS_IMPLICIT_CONVERSION = YES;
				CLANG_WARN__DUPLICATE_METHOD_MATCH = YES;
				COPY_PHASE_STRIP = NO;
				GCC_C_LANGUAGE_STANDARD = gnu99;
				GCC_DYNAMIC_NO_PIC = NO;
				GCC_ENABLE_OBJC_EXCEPTIONS = YES;
				GCC_OPTIMIZATION_LEVEL = 0;
				GCC_PREPROCESSOR_DEFINITIONS = (
					"DEBUG=1",
					"$(inherited)",
				);
				GCC_SYMBOLS_PRIVATE_EXTERN = NO;
				GCC_WARN_64_TO_32_BIT_CONVERSION = YES;
				GCC_WARN_ABOUT_RETURN_TYPE = YES;
				GCC_WARN_UNINITIALIZED_AUTOS = YES;
				GCC_WARN_UNUSED_VARIABLE = YES;
				MACOSX_DEPLOYMENT_TARGET = 10.8;
				ONLY_ACTIVE_ARCH = YES;
				RUN_CLANG_STATIC_ANALYZER = NO;
				SDKROOT = macosx;
			};
			name = Debug;
		};
		BE5064A7161A2DAE003B237A /* Release */ = {
			isa = XCBuildConfiguration;
			buildSettings = {
				ALWAYS_SEARCH_USER_PATHS = NO;
				ARCHS = "$(ARCHS_STANDARD_64_BIT)";
				CLANG_CXX_LANGUAGE_STANDARD = "gnu++0x";
				CLANG_CXX_LIBRARY = "libc++";
				CLANG_ENABLE_OBJC_ARC = YES;
				CLANG_WARN_EMPTY_BODY = YES;
				CLANG_WARN_SUSPICIOUS_IMPLICIT_CONVERSION = YES;
				CLANG_WARN__DUPLICATE_METHOD_MATCH = YES;
				COPY_PHASE_STRIP = YES;
				DEBUG_INFORMATION_FORMAT = "dwarf-with-dsym";
				GCC_C_LANGUAGE_STANDARD = gnu99;
				GCC_ENABLE_OBJC_EXCEPTIONS = YES;
				GCC_OPTIMIZATION_LEVEL = 3;
				GCC_PREPROCESSOR_DEFINITIONS = "NDEBUG=1";
				GCC_UNROLL_LOOPS = YES;
				GCC_WARN_64_TO_32_BIT_CONVERSION = YES;
				GCC_WARN_ABOUT_RETURN_TYPE = YES;
				GCC_WARN_UNINITIALIZED_AUTOS = YES;
				GCC_WARN_UNUSED_VARIABLE = YES;
				MACOSX_DEPLOYMENT_TARGET = 10.8;
				RUN_CLANG_STATIC_ANALYZER = NO;
				SDKROOT = macosx;
			};
			name = Release;
		};
		BE5064A9161A2DAE003B237A /* Debug */ = {
			isa = XCBuildConfiguration;
			buildSettings = {
				GCC_PRECOMPILE_PREFIX_HEADER = YES;
				GCC_PREFIX_HEADER = "wwfmax/wwfmax-Prefix.pch";
				HEADER_SEARCH_PATHS = "";
				LIBRARY_SEARCH_PATHS = (
					"$(inherited)",
					"\"$(SDKROOT)/usr/lib/system\"",
				);
				PRODUCT_NAME = "$(TARGET_NAME)";
			};
			name = Debug;
		};
		BE5064AA161A2DAE003B237A /* Release */ = {
			isa = XCBuildConfiguration;
			buildSettings = {
				GCC_PRECOMPILE_PREFIX_HEADER = YES;
				GCC_PREFIX_HEADER = "wwfmax/wwfmax-Prefix.pch";
				LIBRARY_SEARCH_PATHS = (
					"$(inherited)",
					"\"$(SDKROOT)/usr/lib/system\"",
				);
				PRODUCT_NAME = "$(TARGET_NAME)";
			};
			name = Release;
		};
/* End XCBuildConfiguration section */

/* Begin XCConfigurationList section */
		BE506493161A2DAE003B237A /* Build configuration list for PBXProject "wwfmax" */ = {
			isa = XCConfigurationList;
			buildConfigurations = (
				BE5064A6161A2DAE003B237A /* Debug */,
				BE5064A7161A2DAE003B237A /* Release */,
			);
			defaultConfigurationIsVisible = 0;
			defaultConfigurationName = Release;
		};
		BE5064A8161A2DAE003B237A /* Build configuration list for PBXNativeTarget "wwfmax" */ = {
			isa = XCConfigurationList;
			buildConfigurations = (
				BE5064A9161A2DAE003B237A /* Debug */,
				BE5064AA161A2DAE003B237A /* Release */,
			);
			defaultConfigurationIsVisible = 0;
			defaultConfigurationName = Release;
		};
/* End XCConfigurationList section */
	};
	rootObject = BE506490161A2DAD003B237A /* Project object */;
}
